
Microsoft Visual Studio Solution File, Format Version 12.00
Project("{FAE04EC0-301F-11D3-BF4B-00C04F79EFBC}") = "Movies.Api", "Movies.Api\Movies.Api.csproj", "{DDD5814B-86D2-4A84-ACB7-AEDE14D1AD13}"
EndProject
Project("{FAE04EC0-301F-11D3-BF4B-00C04F79EFBC}") = "Movies.Domain", "Movies.Domain\Movies.Domain.csproj", "{40031668-DB18-47F0-905E-6D85939AE654}"
EndProject
Global
	GlobalSection(SolutionConfigurationPlatforms) = preSolution
		Debug|Any CPU = Debug|Any CPU
		Release|Any CPU = Release|Any CPU
	EndGlobalSection
	GlobalSection(ProjectConfigurationPlatforms) = postSolution
		{DDD5814B-86D2-4A84-ACB7-AEDE14D1AD13}.Debug|Any CPU.ActiveCfg = Debug|Any CPU
		{DDD5814B-86D2-4A84-ACB7-AEDE14D1AD13}.Debug|Any CPU.Build.0 = Debug|Any CPU
		{DDD5814B-86D2-4A84-ACB7-AEDE14D1AD13}.Release|Any CPU.ActiveCfg = Release|Any CPU
		{DDD5814B-86D2-4A84-ACB7-AEDE14D1AD13}.Release|Any CPU.Build.0 = Release|Any CPU
		{40031668-DB18-47F0-905E-6D85939AE654}.Debug|Any CPU.ActiveCfg = Debug|Any CPU
		{40031668-DB18-47F0-905E-6D85939AE654}.Debug|Any CPU.Build.0 = Debug|Any CPU
		{40031668-DB18-47F0-905E-6D85939AE654}.Release|Any CPU.ActiveCfg = Release|Any CPU
		{40031668-DB18-47F0-905E-6D85939AE654}.Release|Any CPU.Build.0 = Release|Any CPU
	EndGlobalSection
EndGlobal
